// !$*UTF8*$!
{
	archiveVersion = 1;
	classes = {
	};
	objectVersion = 50;
	objects = {

/* Begin PBXBuildFile section */
		1C485AF523CFDB250054EC11 /* AppDelegate.swift in Sources */ = {isa = PBXBuildFile; fileRef = 1C485AF423CFDB250054EC11 /* AppDelegate.swift */; };
		1C485AF723CFDB250054EC11 /* SceneDelegate.swift in Sources */ = {isa = PBXBuildFile; fileRef = 1C485AF623CFDB250054EC11 /* SceneDelegate.swift */; };
		1C485AF923CFDB250054EC11 /* ContentView.swift in Sources */ = {isa = PBXBuildFile; fileRef = 1C485AF823CFDB250054EC11 /* ContentView.swift */; };
		1C485AFB23CFDB280054EC11 /* Assets.xcassets in Resources */ = {isa = PBXBuildFile; fileRef = 1C485AFA23CFDB280054EC11 /* Assets.xcassets */; };
		1C485AFE23CFDB280054EC11 /* Preview Assets.xcassets in Resources */ = {isa = PBXBuildFile; fileRef = 1C485AFD23CFDB280054EC11 /* Preview Assets.xcassets */; };
		1C485B0123CFDB280054EC11 /* LaunchScreen.storyboard in Resources */ = {isa = PBXBuildFile; fileRef = 1C485AFF23CFDB280054EC11 /* LaunchScreen.storyboard */; };
		1C485B0923CFDB590054EC11 /* Data.swift in Sources */ = {isa = PBXBuildFile; fileRef = 1C485B0823CFDB590054EC11 /* Data.swift */; };
		1C485B0C23CFDB640054EC11 /* ExampleB.swift in Sources */ = {isa = PBXBuildFile; fileRef = 1C485B0A23CFDB640054EC11 /* ExampleB.swift */; };
		1C485B0D23CFDB640054EC11 /* ExampleA.swift in Sources */ = {isa = PBXBuildFile; fileRef = 1C485B0B23CFDB640054EC11 /* ExampleA.swift */; };
		1C485B1323CFF3A60054EC11 /* Extensions.swift in Sources */ = {isa = PBXBuildFile; fileRef = 1C485B1223CFF3A60054EC11 /* Extensions.swift */; };
		1C7A9EDF23D1364F00E5ACF1 /* MagnifiedView.swift in Sources */ = {isa = PBXBuildFile; fileRef = 1C7A9EDE23D1364F00E5ACF1 /* MagnifiedView.swift */; };
		1C7A9EE423D3BBBB00E5ACF1 /* read_me.gif in Resources */ = {isa = PBXBuildFile; fileRef = 1C7A9EE323D3BBBA00E5ACF1 /* read_me.gif */; };
/* End PBXBuildFile section */

/* Begin PBXFileReference section */
		1C485AF123CFDB250054EC11 /* View Magnifier.app */ = {isa = PBXFileReference; explicitFileType = wrapper.application; includeInIndex = 0; path = "View Magnifier.app"; sourceTree = BUILT_PRODUCTS_DIR; };
		1C485AF423CFDB250054EC11 /* AppDelegate.swift */ = {isa = PBXFileReference; lastKnownFileType = sourcecode.swift; path = AppDelegate.swift; sourceTree = "<group>"; };
		1C485AF623CFDB250054EC11 /* SceneDelegate.swift */ = {isa = PBXFileReference; lastKnownFileType = sourcecode.swift; path = SceneDelegate.swift; sourceTree = "<group>"; };
		1C485AF823CFDB250054EC11 /* ContentView.swift */ = {isa = PBXFileReference; lastKnownFileType = sourcecode.swift; path = ContentView.swift; sourceTree = "<group>"; };
		1C485AFA23CFDB280054EC11 /* Assets.xcassets */ = {isa = PBXFileReference; lastKnownFileType = folder.assetcatalog; path = Assets.xcassets; sourceTree = "<group>"; };
		1C485AFD23CFDB280054EC11 /* Preview Assets.xcassets */ = {isa = PBXFileReference; lastKnownFileType = folder.assetcatalog; path = "Preview Assets.xcassets"; sourceTree = "<group>"; };
		1C485B0023CFDB280054EC11 /* Base */ = {isa = PBXFileReference; lastKnownFileType = file.storyboard; name = Base; path = Base.lproj/LaunchScreen.storyboard; sourceTree = "<group>"; };
		1C485B0223CFDB280054EC11 /* Info.plist */ = {isa = PBXFileReference; lastKnownFileType = text.plist.xml; path = Info.plist; sourceTree = "<group>"; };
		1C485B0823CFDB590054EC11 /* Data.swift */ = {isa = PBXFileReference; fileEncoding = 4; lastKnownFileType = sourcecode.swift; path = Data.swift; sourceTree = "<group>"; };
		1C485B0A23CFDB640054EC11 /* ExampleB.swift */ = {isa = PBXFileReference; fileEncoding = 4; lastKnownFileType = sourcecode.swift; path = ExampleB.swift; sourceTree = "<group>"; };
		1C485B0B23CFDB640054EC11 /* ExampleA.swift */ = {isa = PBXFileReference; fileEncoding = 4; lastKnownFileType = sourcecode.swift; path = ExampleA.swift; sourceTree = "<group>"; };
		1C485B1223CFF3A60054EC11 /* Extensions.swift */ = {isa = PBXFileReference; lastKnownFileType = sourcecode.swift; path = Extensions.swift; sourceTree = "<group>"; };
		1C7A9EDE23D1364F00E5ACF1 /* MagnifiedView.swift */ = {isa = PBXFileReference; fileEncoding = 4; lastKnownFileType = sourcecode.swift; path = MagnifiedView.swift; sourceTree = "<group>"; };
		1C7A9EE023D3B1BF00E5ACF1 /* README.md */ = {isa = PBXFileReference; lastKnownFileType = net.daringfireball.markdown; path = README.md; sourceTree = "<group>"; };
		1C7A9EE123D3B2C400E5ACF1 /* LICENSE.md */ = {isa = PBXFileReference; lastKnownFileType = net.daringfireball.markdown; path = LICENSE.md; sourceTree = "<group>"; };
		1C7A9EE323D3BBBA00E5ACF1 /* read_me.gif */ = {isa = PBXFileReference; lastKnownFileType = image.gif; path = read_me.gif; sourceTree = "<group>"; };
/* End PBXFileReference section */

/* Begin PBXFrameworksBuildPhase section */
		1C485AEE23CFDB250054EC11 /* Frameworks */ = {
			isa = PBXFrameworksBuildPhase;
			buildActionMask = 2147483647;
			files = (
			);
			runOnlyForDeploymentPostprocessing = 0;
		};
/* End PBXFrameworksBuildPhase section */

/* Begin PBXGroup section */
		1C485AE823CFDB250054EC11 = {
			isa = PBXGroup;
			children = (
				1C485AF323CFDB250054EC11 /* View Magnifier */,
				1C485AF223CFDB250054EC11 /* Products */,
			);
			sourceTree = "<group>";
		};
		1C485AF223CFDB250054EC11 /* Products */ = {
			isa = PBXGroup;
			children = (
				1C485AF123CFDB250054EC11 /* View Magnifier.app */,
			);
			name = Products;
			sourceTree = "<group>";
		};
		1C485AF323CFDB250054EC11 /* View Magnifier */ = {
			isa = PBXGroup;
			children = (
				1C7A9EE323D3BBBA00E5ACF1 /* read_me.gif */,
				1C485B1223CFF3A60054EC11 /* Extensions.swift */,
				1C7A9EE023D3B1BF00E5ACF1 /* README.md */,
				1C7A9EE123D3B2C400E5ACF1 /* LICENSE.md */,
				1C485B0823CFDB590054EC11 /* Data.swift */,
				1C485AF423CFDB250054EC11 /* AppDelegate.swift */,
				1C485AF623CFDB250054EC11 /* SceneDelegate.swift */,
				1C485AF823CFDB250054EC11 /* ContentView.swift */,
				1C485B0B23CFDB640054EC11 /* ExampleA.swift */,
				1C485B0A23CFDB640054EC11 /* ExampleB.swift */,
				1C7A9EDE23D1364F00E5ACF1 /* MagnifiedView.swift */,
				1C485AFA23CFDB280054EC11 /* Assets.xcassets */,
				1C485AFF23CFDB280054EC11 /* LaunchScreen.storyboard */,
				1C485B0223CFDB280054EC11 /* Info.plist */,
				1C485AFC23CFDB280054EC11 /* Preview Content */,
			);
			path = "View Magnifier";
			sourceTree = "<group>";
		};
		1C485AFC23CFDB280054EC11 /* Preview Content */ = {
			isa = PBXGroup;
			children = (
				1C485AFD23CFDB280054EC11 /* Preview Assets.xcassets */,
			);
			path = "Preview Content";
			sourceTree = "<group>";
		};
/* End PBXGroup section */

/* Begin PBXNativeTarget section */
		1C485AF023CFDB250054EC11 /* View Magnifier */ = {
			isa = PBXNativeTarget;
			buildConfigurationList = 1C485B0523CFDB280054EC11 /* Build configuration list for PBXNativeTarget "View Magnifier" */;
			buildPhases = (
				1C485AED23CFDB250054EC11 /* Sources */,
				1C485AEE23CFDB250054EC11 /* Frameworks */,
				1C485AEF23CFDB250054EC11 /* Resources */,
			);
			buildRules = (
			);
			dependencies = (
			);
			name = "View Magnifier";
			productName = "View Magnifier";
			productReference = 1C485AF123CFDB250054EC11 /* View Magnifier.app */;
			productType = "com.apple.product-type.application";
		};
/* End PBXNativeTarget section */

/* Begin PBXProject section */
		1C485AE923CFDB250054EC11 /* Project object */ = {
			isa = PBXProject;
			attributes = {
				LastSwiftUpdateCheck = 1130;
				LastUpgradeCheck = 1130;
				ORGANIZATIONNAME = "Eli Slade";
				TargetAttributes = {
					1C485AF023CFDB250054EC11 = {
						CreatedOnToolsVersion = 11.3;
					};
				};
			};
			buildConfigurationList = 1C485AEC23CFDB250054EC11 /* Build configuration list for PBXProject "View Magnifier" */;
			compatibilityVersion = "Xcode 9.3";
			developmentRegion = en;
			hasScannedForEncodings = 0;
			knownRegions = (
				en,
				Base,
			);
			mainGroup = 1C485AE823CFDB250054EC11;
			productRefGroup = 1C485AF223CFDB250054EC11 /* Products */;
			projectDirPath = "";
			projectRoot = "";
			targets = (
				1C485AF023CFDB250054EC11 /* View Magnifier */,
			);
		};
/* End PBXProject section */

/* Begin PBXResourcesBuildPhase section */
		1C485AEF23CFDB250054EC11 /* Resources */ = {
			isa = PBXResourcesBuildPhase;
			buildActionMask = 2147483647;
			files = (
				1C7A9EE423D3BBBB00E5ACF1 /* read_me.gif in Resources */,
				1C485B0123CFDB280054EC11 /* LaunchScreen.storyboard in Resources */,
				1C485AFE23CFDB280054EC11 /* Preview Assets.xcassets in Resources */,
				1C485AFB23CFDB280054EC11 /* Assets.xcassets in Resources */,
			);
			runOnlyForDeploymentPostprocessing = 0;
		};
/* End PBXResourcesBuildPhase section */

/* Begin PBXSourcesBuildPhase section */
		1C485AED23CFDB250054EC11 /* Sources */ = {
			isa = PBXSourcesBuildPhase;
			buildActionMask = 2147483647;
			files = (
				1C485AF523CFDB250054EC11 /* AppDelegate.swift in Sources */,
				1C485AF723CFDB250054EC11 /* SceneDelegate.swift in Sources */,
				1C485AF923CFDB250054EC11 /* ContentView.swift in Sources */,
				1C485B1323CFF3A60054EC11 /* Extensions.swift in Sources */,
				1C485B0C23CFDB640054EC11 /* ExampleB.swift in Sources */,
				1C7A9EDF23D1364F00E5ACF1 /* MagnifiedView.swift in Sources */,
				1C485B0D23CFDB640054EC11 /* ExampleA.swift in Sources */,
				1C485B0923CFDB590054EC11 /* Data.swift in Sources */,
			);
			runOnlyForDeploymentPostprocessing = 0;
		};
/* End PBXSourcesBuildPhase section */

/* Begin PBXVariantGroup section */
		1C485AFF23CFDB280054EC11 /* LaunchScreen.storyboard */ = {
			isa = PBXVariantGroup;
			children = (
				1C485B0023CFDB280054EC11 /* Base */,
			);
			name = LaunchScreen.storyboard;
			sourceTree = "<group>";
		};
/* End PBXVariantGroup section */

/* Begin XCBuildConfiguration section */
		1C485B0323CFDB280054EC11 /* Debug */ = {
			isa = XCBuildConfiguration;
			buildSettings = {
				ALWAYS_SEARCH_USER_PATHS = NO;
				CLANG_ANALYZER_NONNULL = YES;
				CLANG_ANALYZER_NUMBER_OBJECT_CONVERSION = YES_AGGRESSIVE;
				CLANG_CXX_LANGUAGE_STANDARD = "gnu++14";
				CLANG_CXX_LIBRARY = "libc++";
				CLANG_ENABLE_MODULES = YES;
				CLANG_ENABLE_OBJC_ARC = YES;
				CLANG_ENABLE_OBJC_WEAK = YES;
				CLANG_WARN_BLOCK_CAPTURE_AUTORELEASING = YES;
				CLANG_WARN_BOOL_CONVERSION = YES;
				CLANG_WARN_COMMA = YES;
				CLANG_WARN_CONSTANT_CONVERSION = YES;
				CLANG_WARN_DEPRECATED_OBJC_IMPLEMENTATIONS = YES;
				CLANG_WARN_DIRECT_OBJC_ISA_USAGE = YES_ERROR;
				CLANG_WARN_DOCUMENTATION_COMMENTS = YES;
				CLANG_WARN_EMPTY_BODY = YES;
				CLANG_WARN_ENUM_CONVERSION = YES;
				CLANG_WARN_INFINITE_RECURSION = YES;
				CLANG_WARN_INT_CONVERSION = YES;
				CLANG_WARN_NON_LITERAL_NULL_CONVERSION = YES;
				CLANG_WARN_OBJC_IMPLICIT_RETAIN_SELF = YES;
				CLANG_WARN_OBJC_LITERAL_CONVERSION = YES;
				CLANG_WARN_OBJC_ROOT_CLASS = YES_ERROR;
				CLANG_WARN_RANGE_LOOP_ANALYSIS = YES;
				CLANG_WARN_STRICT_PROTOTYPES = YES;
				CLANG_WARN_SUSPICIOUS_MOVE = YES;
				CLANG_WARN_UNGUARDED_AVAILABILITY = YES_AGGRESSIVE;
				CLANG_WARN_UNREACHABLE_CODE = YES;
				CLANG_WARN__DUPLICATE_METHOD_MATCH = YES;
				COPY_PHASE_STRIP = NO;
				DEBUG_INFORMATION_FORMAT = dwarf;
				ENABLE_STRICT_OBJC_MSGSEND = YES;
				ENABLE_TESTABILITY = YES;
				GCC_C_LANGUAGE_STANDARD = gnu11;
				GCC_DYNAMIC_NO_PIC = NO;
				GCC_NO_COMMON_BLOCKS = YES;
				GCC_OPTIMIZATION_LEVEL = 0;
				GCC_PREPROCESSOR_DEFINITIONS = (
					"DEBUG=1",
					"$(inherited)",
				);
				GCC_WARN_64_TO_32_BIT_CONVERSION = YES;
				GCC_WARN_ABOUT_RETURN_TYPE = YES_ERROR;
				GCC_WARN_UNDECLARED_SELECTOR = YES;
				GCC_WARN_UNINITIALIZED_AUTOS = YES_AGGRESSIVE;
				GCC_WARN_UNUSED_FUNCTION = YES;
				GCC_WARN_UNUSED_VARIABLE = YES;
				IPHONEOS_DEPLOYMENT_TARGET = 13.2;
				MTL_ENABLE_DEBUG_INFO = INCLUDE_SOURCE;
				MTL_FAST_MATH = YES;
				ONLY_ACTIVE_ARCH = YES;
				SDKROOT = iphoneos;
				SWIFT_ACTIVE_COMPILATION_CONDITIONS = DEBUG;
				SWIFT_OPTIMIZATION_LEVEL = "-Onone";
			};
			name = Debug;
		};
		1C485B0423CFDB280054EC11 /* Release */ = {
			isa = XCBuildConfiguration;
			buildSettings = {
				ALWAYS_SEARCH_USER_PATHS = NO;
				CLANG_ANALYZER_NONNULL = YES;
				CLANG_ANALYZER_NUMBER_OBJECT_CONVERSION = YES_AGGRESSIVE;
				CLANG_CXX_LANGUAGE_STANDARD = "gnu++14";
				CLANG_CXX_LIBRARY = "libc++";
				CLANG_ENABLE_MODULES = YES;
				CLANG_ENABLE_OBJC_ARC = YES;
				CLANG_ENABLE_OBJC_WEAK = YES;
				CLANG_WARN_BLOCK_CAPTURE_AUTORELEASING = YES;
				CLANG_WARN_BOOL_CONVERSION = YES;
				CLANG_WARN_COMMA = YES;
				CLANG_WARN_CONSTANT_CONVERSION = YES;
				CLANG_WARN_DEPRECATED_OBJC_IMPLEMENTATIONS = YES;
				CLANG_WARN_DIRECT_OBJC_ISA_USAGE = YES_ERROR;
				CLANG_WARN_DOCUMENTATION_COMMENTS = YES;
				CLANG_WARN_EMPTY_BODY = YES;
				CLANG_WARN_ENUM_CONVERSION = YES;
				CLANG_WARN_INFINITE_RECURSION = YES;
				CLANG_WARN_INT_CONVERSION = YES;
				CLANG_WARN_NON_LITERAL_NULL_CONVERSION = YES;
				CLANG_WARN_OBJC_IMPLICIT_RETAIN_SELF = YES;
				CLANG_WARN_OBJC_LITERAL_CONVERSION = YES;
				CLANG_WARN_OBJC_ROOT_CLASS = YES_ERROR;
				CLANG_WARN_RANGE_LOOP_ANALYSIS = YES;
				CLANG_WARN_STRICT_PROTOTYPES = YES;
				CLANG_WARN_SUSPICIOUS_MOVE = YES;
				CLANG_WARN_UNGUARDED_AVAILABILITY = YES_AGGRESSIVE;
				CLANG_WARN_UNREACHABLE_CODE = YES;
				CLANG_WARN__DUPLICATE_METHOD_MATCH = YES;
				COPY_PHASE_STRIP = NO;
				DEBUG_INFORMATION_FORMAT = "dwarf-with-dsym";
				ENABLE_NS_ASSERTIONS = NO;
				ENABLE_STRICT_OBJC_MSGSEND = YES;
				GCC_C_LANGUAGE_STANDARD = gnu11;
				GCC_NO_COMMON_BLOCKS = YES;
				GCC_WARN_64_TO_32_BIT_CONVERSION = YES;
				GCC_WARN_ABOUT_RETURN_TYPE = YES_ERROR;
				GCC_WARN_UNDECLARED_SELECTOR = YES;
				GCC_WARN_UNINITIALIZED_AUTOS = YES_AGGRESSIVE;
				GCC_WARN_UNUSED_FUNCTION = YES;
				GCC_WARN_UNUSED_VARIABLE = YES;
				IPHONEOS_DEPLOYMENT_TARGET = 13.2;
				MTL_ENABLE_DEBUG_INFO = NO;
				MTL_FAST_MATH = YES;
				SDKROOT = iphoneos;
				SWIFT_COMPILATION_MODE = wholemodule;
				SWIFT_OPTIMIZATION_LEVEL = "-O";
				VALIDATE_PRODUCT = YES;
			};
			name = Release;
		};
		1C485B0623CFDB280054EC11 /* Debug */ = {
			isa = XCBuildConfiguration;
			buildSettings = {
				ASSETCATALOG_COMPILER_APPICON_NAME = AppIcon;
				CODE_SIGN_STYLE = Automatic;
				DEVELOPMENT_ASSET_PATHS = "\"View Magnifier/Preview Content\"";
				DEVELOPMENT_TEAM = N2V9KYH4KN;
				ENABLE_PREVIEWS = YES;
				INFOPLIST_FILE = "View Magnifier/Info.plist";
				LD_RUNPATH_SEARCH_PATHS = (
					"$(inherited)",
					"@executable_path/Frameworks",
				);
				PRODUCT_BUNDLE_IDENTIFIER = "com.sassylabs.View-Magnifier";
				PRODUCT_NAME = "$(TARGET_NAME)";
				SWIFT_VERSION = 5.0;
				TARGETED_DEVICE_FAMILY = "1,2";
			};
			name = Debug;
		};
		1C485B0723CFDB280054EC11 /* Release */ = {
			isa = XCBuildConfiguration;
			buildSettings = {
				ASSETCATALOG_COMPILER_APPICON_NAME = AppIcon;
				CODE_SIGN_STYLE = Automatic;
				DEVELOPMENT_ASSET_PATHS = "\"View Magnifier/Preview Content\"";
				DEVELOPMENT_TEAM = N2V9KYH4KN;
				ENABLE_PREVIEWS = YES;
				INFOPLIST_FILE = "View Magnifier/Info.plist";
				LD_RUNPATH_SEARCH_PATHS = (
					"$(inherited)",
					"@executable_path/Frameworks",
				);
				PRODUCT_BUNDLE_IDENTIFIER = "com.sassylabs.View-Magnifier";
				PRODUCT_NAME = "$(TARGET_NAME)";
				SWIFT_VERSION = 5.0;
				TARGETED_DEVICE_FAMILY = "1,2";
			};
			name = Release;
		};
/* End XCBuildConfiguration section */

/* Begin XCConfigurationList section */
		1C485AEC23CFDB250054EC11 /* Build configuration list for PBXProject "View Magnifier" */ = {
			isa = XCConfigurationList;
			buildConfigurations = (
				1C485B0323CFDB280054EC11 /* Debug */,
				1C485B0423CFDB280054EC11 /* Release */,
			);
			defaultConfigurationIsVisible = 0;
			defaultConfigurationName = Release;
		};
		1C485B0523CFDB280054EC11 /* Build configuration list for PBXNativeTarget "View Magnifier" */ = {
			isa = XCConfigurationList;
			buildConfigurations = (
				1C485B0623CFDB280054EC11 /* Debug */,
				1C485B0723CFDB280054EC11 /* Release */,
			);
			defaultConfigurationIsVisible = 0;
			defaultConfigurationName = Release;
		};
/* End XCConfigurationList section */
	};
	rootObject = 1C485AE923CFDB250054EC11 /* Project object */;
}
